
Microsoft Visual Studio Solution File, Format Version 12.00
# Visual Studio Version 17
VisualStudioVersion = 17.13.35818.85 d17.13
MinimumVisualStudioVersion = 10.0.40219.1
Project("{FAE04EC0-301F-11D3-BF4B-00C04F79EFBC}") = "Inheritance_Group 3", "Inheritance_Group 3.csproj", "{F896D6D7-0BAC-45CF-90C4-8A41D7C8C916}"
EndProject
Global
	GlobalSection(SolutionConfigurationPlatforms) = preSolution
		Debug|Any CPU = Debug|Any CPU
		Release|Any CPU = Release|Any CPU
	EndGlobalSection
	GlobalSection(ProjectConfigurationPlatforms) = postSolution
		{F896D6D7-0BAC-45CF-90C4-8A41D7C8C916}.Debug|Any CPU.ActiveCfg = Debug|Any CPU
		{F896D6D7-0BAC-45CF-90C4-8A41D7C8C916}.Debug|Any CPU.Build.0 = Debug|Any CPU
		{F896D6D7-0BAC-45CF-90C4-8A41D7C8C916}.Release|Any CPU.ActiveCfg = Release|Any CPU
		{F896D6D7-0BAC-45CF-90C4-8A41D7C8C916}.Release|Any CPU.Build.0 = Release|Any CPU
	EndGlobalSection
	GlobalSection(SolutionProperties) = preSolution
		HideSolutionNode = FALSE
	EndGlobalSection
	GlobalSection(ExtensibilityGlobals) = postSolution
		SolutionGuid = {F3E41CC1-F148-482E-8AEC-87F1AC2FFB14}
	EndGlobalSection
EndGlobal
